
Microsoft Visual Studio Solution File, Format Version 12.00
# Visual Studio 14
VisualStudioVersion = 14.0.25420.1
MinimumVisualStudioVersion = 10.0.40219.1
Project("{FAE04EC0-301F-11D3-BF4B-00C04F79EFBC}") = "Pgs.CrossPlatform.FormattedText", "Pgs.CrossPlatform.FormattedText\Pgs.CrossPlatform.FormattedText\Pgs.CrossPlatform.FormattedText.csproj", "{25738F75-ED9E-41CC-BEFD-FAEFF4EA5305}"
EndProject
Project("{FAE04EC0-301F-11D3-BF4B-00C04F79EFBC}") = "Pgs.CrossPlatform.FormattedText.Droid", "Pgs.CrossPlatform.FormattedText\Pgs.CrossPlatform.FormattedText.Droid\Pgs.CrossPlatform.FormattedText.Droid.csproj", "{B8460E7F-C2E6-4BC0-B5FE-2AF6748A41F7}"
EndProject
Project("{FAE04EC0-301F-11D3-BF4B-00C04F79EFBC}") = "Pgs.CrossPlatform.FormattedText.iOS", "Pgs.CrossPlatform.FormattedText\Pgs.CrossPlatform.FormattedText.iOS\Pgs.CrossPlatform.FormattedText.iOS.csproj", "{82C46155-BB56-4B7F-96A3-F7D76F2905CE}"
EndProject
Project("{FAE04EC0-301F-11D3-BF4B-00C04F79EFBC}") = "Pgs.CrossPlatform.FormattedText.WinPhone", "Pgs.CrossPlatform.FormattedText\Pgs.CrossPlatform.FormattedText.WinPhone\Pgs.CrossPlatform.FormattedText.WinPhone.csproj", "{F5686421-A0F3-4410-AC55-F5F9C24983BE}"
EndProject
Project("{FAE04EC0-301F-11D3-BF4B-00C04F79EFBC}") = "Pgs.CrossPlatform.FormattedText.UWP", "Pgs.CrossPlatform.FormattedText\Pgs.CrossPlatform.FormattedText.UWP\Pgs.CrossPlatform.FormattedText.UWP.csproj", "{0E3D3297-C720-48A5-AEDB-F61B429295AB}"
EndProject
Project("{FAE04EC0-301F-11D3-BF4B-00C04F79EFBC}") = "Pgs.CrossPlatform.FormattedText.Windows", "Pgs.CrossPlatform.FormattedText\Pgs.CrossPlatform.FormattedText.Windows\Pgs.CrossPlatform.FormattedText.Windows.csproj", "{ACE3BA83-4F5B-4A24-A61C-7001A7EFB976}"
EndProject
Project("{FAE04EC0-301F-11D3-BF4B-00C04F79EFBC}") = "Pgs.CrossPlatform.FormattedText.Core", "Pgs.CrossPlatform.FormattedText.Core\Pgs.CrossPlatform.FormattedText.Core.csproj", "{CE3ED371-F40F-4033-B6FD-E13F80F6D230}"
EndProject
Global
	GlobalSection(SolutionConfigurationPlatforms) = preSolution
		Ad-Hoc|Any CPU = Ad-Hoc|Any CPU
		Ad-Hoc|ARM = Ad-Hoc|ARM
		Ad-Hoc|iPhone = Ad-Hoc|iPhone
		Ad-Hoc|iPhoneSimulator = Ad-Hoc|iPhoneSimulator
		Ad-Hoc|x64 = Ad-Hoc|x64
		Ad-Hoc|x86 = Ad-Hoc|x86
		AppStore|Any CPU = AppStore|Any CPU
		AppStore|ARM = AppStore|ARM
		AppStore|iPhone = AppStore|iPhone
		AppStore|iPhoneSimulator = AppStore|iPhoneSimulator
		AppStore|x64 = AppStore|x64
		AppStore|x86 = AppStore|x86
		Debug|Any CPU = Debug|Any CPU
		Debug|ARM = Debug|ARM
		Debug|iPhone = Debug|iPhone
		Debug|iPhoneSimulator = Debug|iPhoneSimulator
		Debug|x64 = Debug|x64
		Debug|x86 = Debug|x86
		NuGetRelease|Any CPU = NuGetRelease|Any CPU
		NuGetRelease|ARM = NuGetRelease|ARM
		NuGetRelease|iPhone = NuGetRelease|iPhone
		NuGetRelease|iPhoneSimulator = NuGetRelease|iPhoneSimulator
		NuGetRelease|x64 = NuGetRelease|x64
		NuGetRelease|x86 = NuGetRelease|x86
		Release|Any CPU = Release|Any CPU
		Release|ARM = Release|ARM
		Release|iPhone = Release|iPhone
		Release|iPhoneSimulator = Release|iPhoneSimulator
		Release|x64 = Release|x64
		Release|x86 = Release|x86
	EndGlobalSection
	GlobalSection(ProjectConfigurationPlatforms) = postSolution
		{25738F75-ED9E-41CC-BEFD-FAEFF4EA5305}.Ad-Hoc|Any CPU.ActiveCfg = Release|Any CPU
		{25738F75-ED9E-41CC-BEFD-FAEFF4EA5305}.Ad-Hoc|Any CPU.Build.0 = Release|Any CPU
		{25738F75-ED9E-41CC-BEFD-FAEFF4EA5305}.Ad-Hoc|ARM.ActiveCfg = Release|Any CPU
		{25738F75-ED9E-41CC-BEFD-FAEFF4EA5305}.Ad-Hoc|ARM.Build.0 = Release|Any CPU
		{25738F75-ED9E-41CC-BEFD-FAEFF4EA5305}.Ad-Hoc|iPhone.ActiveCfg = Release|Any CPU
		{25738F75-ED9E-41CC-BEFD-FAEFF4EA5305}.Ad-Hoc|iPhone.Build.0 = Release|Any CPU
		{25738F75-ED9E-41CC-BEFD-FAEFF4EA5305}.Ad-Hoc|iPhoneSimulator.ActiveCfg = Release|Any CPU
		{25738F75-ED9E-41CC-BEFD-FAEFF4EA5305}.Ad-Hoc|iPhoneSimulator.Build.0 = Release|Any CPU
		{25738F75-ED9E-41CC-BEFD-FAEFF4EA5305}.Ad-Hoc|x64.ActiveCfg = Release|Any CPU
		{25738F75-ED9E-41CC-BEFD-FAEFF4EA5305}.Ad-Hoc|x64.Build.0 = Release|Any CPU
		{25738F75-ED9E-41CC-BEFD-FAEFF4EA5305}.Ad-Hoc|x86.ActiveCfg = Release|Any CPU
		{25738F75-ED9E-41CC-BEFD-FAEFF4EA5305}.Ad-Hoc|x86.Build.0 = Release|Any CPU
		{25738F75-ED9E-41CC-BEFD-FAEFF4EA5305}.AppStore|Any CPU.ActiveCfg = Release|Any CPU
		{25738F75-ED9E-41CC-BEFD-FAEFF4EA5305}.AppStore|Any CPU.Build.0 = Release|Any CPU
		{25738F75-ED9E-41CC-BEFD-FAEFF4EA5305}.AppStore|ARM.ActiveCfg = Release|Any CPU
		{25738F75-ED9E-41CC-BEFD-FAEFF4EA5305}.AppStore|ARM.Build.0 = Release|Any CPU
		{25738F75-ED9E-41CC-BEFD-FAEFF4EA5305}.AppStore|iPhone.ActiveCfg = Release|Any CPU
		{25738F75-ED9E-41CC-BEFD-FAEFF4EA5305}.AppStore|iPhone.Build.0 = Release|Any CPU
		{25738F75-ED9E-41CC-BEFD-FAEFF4EA5305}.AppStore|iPhoneSimulator.ActiveCfg = Release|Any CPU
		{25738F75-ED9E-41CC-BEFD-FAEFF4EA5305}.AppStore|iPhoneSimulator.Build.0 = Release|Any CPU
		{25738F75-ED9E-41CC-BEFD-FAEFF4EA5305}.AppStore|x64.ActiveCfg = Release|Any CPU
		{25738F75-ED9E-41CC-BEFD-FAEFF4EA5305}.AppStore|x64.Build.0 = Release|Any CPU
		{25738F75-ED9E-41CC-BEFD-FAEFF4EA5305}.AppStore|x86.ActiveCfg = Release|Any CPU
		{25738F75-ED9E-41CC-BEFD-FAEFF4EA5305}.AppStore|x86.Build.0 = Release|Any CPU
		{25738F75-ED9E-41CC-BEFD-FAEFF4EA5305}.Debug|Any CPU.ActiveCfg = Debug|Any CPU
		{25738F75-ED9E-41CC-BEFD-FAEFF4EA5305}.Debug|Any CPU.Build.0 = Debug|Any CPU
		{25738F75-ED9E-41CC-BEFD-FAEFF4EA5305}.Debug|ARM.ActiveCfg = Debug|Any CPU
		{25738F75-ED9E-41CC-BEFD-FAEFF4EA5305}.Debug|ARM.Build.0 = Debug|Any CPU
		{25738F75-ED9E-41CC-BEFD-FAEFF4EA5305}.Debug|iPhone.ActiveCfg = Debug|Any CPU
		{25738F75-ED9E-41CC-BEFD-FAEFF4EA5305}.Debug|iPhone.Build.0 = Debug|Any CPU
		{25738F75-ED9E-41CC-BEFD-FAEFF4EA5305}.Debug|iPhoneSimulator.ActiveCfg = Debug|Any CPU
		{25738F75-ED9E-41CC-BEFD-FAEFF4EA5305}.Debug|iPhoneSimulator.Build.0 = Debug|Any CPU
		{25738F75-ED9E-41CC-BEFD-FAEFF4EA5305}.Debug|x64.ActiveCfg = Debug|Any CPU
		{25738F75-ED9E-41CC-BEFD-FAEFF4EA5305}.Debug|x64.Build.0 = Debug|Any CPU
		{25738F75-ED9E-41CC-BEFD-FAEFF4EA5305}.Debug|x86.ActiveCfg = Debug|Any CPU
		{25738F75-ED9E-41CC-BEFD-FAEFF4EA5305}.Debug|x86.Build.0 = Debug|Any CPU
		{25738F75-ED9E-41CC-BEFD-FAEFF4EA5305}.NuGetRelease|Any CPU.ActiveCfg = NuGetRelease|Any CPU
		{25738F75-ED9E-41CC-BEFD-FAEFF4EA5305}.NuGetRelease|Any CPU.Build.0 = NuGetRelease|Any CPU
		{25738F75-ED9E-41CC-BEFD-FAEFF4EA5305}.NuGetRelease|ARM.ActiveCfg = NuGetRelease|Any CPU
		{25738F75-ED9E-41CC-BEFD-FAEFF4EA5305}.NuGetRelease|ARM.Build.0 = NuGetRelease|Any CPU
		{25738F75-ED9E-41CC-BEFD-FAEFF4EA5305}.NuGetRelease|iPhone.ActiveCfg = NuGetRelease|Any CPU
		{25738F75-ED9E-41CC-BEFD-FAEFF4EA5305}.NuGetRelease|iPhone.Build.0 = NuGetRelease|Any CPU
		{25738F75-ED9E-41CC-BEFD-FAEFF4EA5305}.NuGetRelease|iPhoneSimulator.ActiveCfg = NuGetRelease|Any CPU
		{25738F75-ED9E-41CC-BEFD-FAEFF4EA5305}.NuGetRelease|iPhoneSimulator.Build.0 = NuGetRelease|Any CPU
		{25738F75-ED9E-41CC-BEFD-FAEFF4EA5305}.NuGetRelease|x64.ActiveCfg = NuGetRelease|Any CPU
		{25738F75-ED9E-41CC-BEFD-FAEFF4EA5305}.NuGetRelease|x64.Build.0 = NuGetRelease|Any CPU
		{25738F75-ED9E-41CC-BEFD-FAEFF4EA5305}.NuGetRelease|x86.ActiveCfg = NuGetRelease|Any CPU
		{25738F75-ED9E-41CC-BEFD-FAEFF4EA5305}.NuGetRelease|x86.Build.0 = NuGetRelease|Any CPU
		{25738F75-ED9E-41CC-BEFD-FAEFF4EA5305}.Release|Any CPU.ActiveCfg = Release|Any CPU
		{25738F75-ED9E-41CC-BEFD-FAEFF4EA5305}.Release|Any CPU.Build.0 = Release|Any CPU
		{25738F75-ED9E-41CC-BEFD-FAEFF4EA5305}.Release|ARM.ActiveCfg = Release|Any CPU
		{25738F75-ED9E-41CC-BEFD-FAEFF4EA5305}.Release|ARM.Build.0 = Release|Any CPU
		{25738F75-ED9E-41CC-BEFD-FAEFF4EA5305}.Release|iPhone.ActiveCfg = Release|Any CPU
		{25738F75-ED9E-41CC-BEFD-FAEFF4EA5305}.Release|iPhone.Build.0 = Release|Any CPU
		{25738F75-ED9E-41CC-BEFD-FAEFF4EA5305}.Release|iPhoneSimulator.ActiveCfg = Release|Any CPU
		{25738F75-ED9E-41CC-BEFD-FAEFF4EA5305}.Release|iPhoneSimulator.Build.0 = Release|Any CPU
		{25738F75-ED9E-41CC-BEFD-FAEFF4EA5305}.Release|x64.ActiveCfg = Release|Any CPU
		{25738F75-ED9E-41CC-BEFD-FAEFF4EA5305}.Release|x64.Build.0 = Release|Any CPU
		{25738F75-ED9E-41CC-BEFD-FAEFF4EA5305}.Release|x86.ActiveCfg = Release|Any CPU
		{25738F75-ED9E-41CC-BEFD-FAEFF4EA5305}.Release|x86.Build.0 = Release|Any CPU
		{B8460E7F-C2E6-4BC0-B5FE-2AF6748A41F7}.Ad-Hoc|Any CPU.ActiveCfg = Release|Any CPU
		{B8460E7F-C2E6-4BC0-B5FE-2AF6748A41F7}.Ad-Hoc|Any CPU.Build.0 = Release|Any CPU
		{B8460E7F-C2E6-4BC0-B5FE-2AF6748A41F7}.Ad-Hoc|Any CPU.Deploy.0 = Release|Any CPU
		{B8460E7F-C2E6-4BC0-B5FE-2AF6748A41F7}.Ad-Hoc|ARM.ActiveCfg = Release|Any CPU
		{B8460E7F-C2E6-4BC0-B5FE-2AF6748A41F7}.Ad-Hoc|ARM.Build.0 = Release|Any CPU
		{B8460E7F-C2E6-4BC0-B5FE-2AF6748A41F7}.Ad-Hoc|ARM.Deploy.0 = Release|Any CPU
		{B8460E7F-C2E6-4BC0-B5FE-2AF6748A41F7}.Ad-Hoc|iPhone.ActiveCfg = Release|Any CPU
		{B8460E7F-C2E6-4BC0-B5FE-2AF6748A41F7}.Ad-Hoc|iPhone.Build.0 = Release|Any CPU
		{B8460E7F-C2E6-4BC0-B5FE-2AF6748A41F7}.Ad-Hoc|iPhone.Deploy.0 = Release|Any CPU
		{B8460E7F-C2E6-4BC0-B5FE-2AF6748A41F7}.Ad-Hoc|iPhoneSimulator.ActiveCfg = Release|Any CPU
		{B8460E7F-C2E6-4BC0-B5FE-2AF6748A41F7}.Ad-Hoc|iPhoneSimulator.Build.0 = Release|Any CPU
		{B8460E7F-C2E6-4BC0-B5FE-2AF6748A41F7}.Ad-Hoc|iPhoneSimulator.Deploy.0 = Release|Any CPU
		{B8460E7F-C2E6-4BC0-B5FE-2AF6748A41F7}.Ad-Hoc|x64.ActiveCfg = Release|Any CPU
		{B8460E7F-C2E6-4BC0-B5FE-2AF6748A41F7}.Ad-Hoc|x64.Build.0 = Release|Any CPU
		{B8460E7F-C2E6-4BC0-B5FE-2AF6748A41F7}.Ad-Hoc|x64.Deploy.0 = Release|Any CPU
		{B8460E7F-C2E6-4BC0-B5FE-2AF6748A41F7}.Ad-Hoc|x86.ActiveCfg = Release|Any CPU
		{B8460E7F-C2E6-4BC0-B5FE-2AF6748A41F7}.Ad-Hoc|x86.Build.0 = Release|Any CPU
		{B8460E7F-C2E6-4BC0-B5FE-2AF6748A41F7}.Ad-Hoc|x86.Deploy.0 = Release|Any CPU
		{B8460E7F-C2E6-4BC0-B5FE-2AF6748A41F7}.AppStore|Any CPU.ActiveCfg = Release|Any CPU
		{B8460E7F-C2E6-4BC0-B5FE-2AF6748A41F7}.AppStore|Any CPU.Build.0 = Release|Any CPU
		{B8460E7F-C2E6-4BC0-B5FE-2AF6748A41F7}.AppStore|Any CPU.Deploy.0 = Release|Any CPU
		{B8460E7F-C2E6-4BC0-B5FE-2AF6748A41F7}.AppStore|ARM.ActiveCfg = Release|Any CPU
		{B8460E7F-C2E6-4BC0-B5FE-2AF6748A41F7}.AppStore|ARM.Build.0 = Release|Any CPU
		{B8460E7F-C2E6-4BC0-B5FE-2AF6748A41F7}.AppStore|ARM.Deploy.0 = Release|Any CPU
		{B8460E7F-C2E6-4BC0-B5FE-2AF6748A41F7}.AppStore|iPhone.ActiveCfg = Release|Any CPU
		{B8460E7F-C2E6-4BC0-B5FE-2AF6748A41F7}.AppStore|iPhone.Build.0 = Release|Any CPU
		{B8460E7F-C2E6-4BC0-B5FE-2AF6748A41F7}.AppStore|iPhone.Deploy.0 = Release|Any CPU
		{B8460E7F-C2E6-4BC0-B5FE-2AF6748A41F7}.AppStore|iPhoneSimulator.ActiveCfg = Release|Any CPU
		{B8460E7F-C2E6-4BC0-B5FE-2AF6748A41F7}.AppStore|iPhoneSimulator.Build.0 = Release|Any CPU
		{B8460E7F-C2E6-4BC0-B5FE-2AF6748A41F7}.AppStore|iPhoneSimulator.Deploy.0 = Release|Any CPU
		{B8460E7F-C2E6-4BC0-B5FE-2AF6748A41F7}.AppStore|x64.ActiveCfg = Release|Any CPU
		{B8460E7F-C2E6-4BC0-B5FE-2AF6748A41F7}.AppStore|x64.Build.0 = Release|Any CPU
		{B8460E7F-C2E6-4BC0-B5FE-2AF6748A41F7}.AppStore|x64.Deploy.0 = Release|Any CPU
		{B8460E7F-C2E6-4BC0-B5FE-2AF6748A41F7}.AppStore|x86.ActiveCfg = Release|Any CPU
		{B8460E7F-C2E6-4BC0-B5FE-2AF6748A41F7}.AppStore|x86.Build.0 = Release|Any CPU
		{B8460E7F-C2E6-4BC0-B5FE-2AF6748A41F7}.AppStore|x86.Deploy.0 = Release|Any CPU
		{B8460E7F-C2E6-4BC0-B5FE-2AF6748A41F7}.Debug|Any CPU.ActiveCfg = Debug|Any CPU
		{B8460E7F-C2E6-4BC0-B5FE-2AF6748A41F7}.Debug|Any CPU.Build.0 = Debug|Any CPU
		{B8460E7F-C2E6-4BC0-B5FE-2AF6748A41F7}.Debug|Any CPU.Deploy.0 = Debug|Any CPU
		{B8460E7F-C2E6-4BC0-B5FE-2AF6748A41F7}.Debug|ARM.ActiveCfg = Debug|Any CPU
		{B8460E7F-C2E6-4BC0-B5FE-2AF6748A41F7}.Debug|ARM.Build.0 = Debug|Any CPU
		{B8460E7F-C2E6-4BC0-B5FE-2AF6748A41F7}.Debug|ARM.Deploy.0 = Debug|Any CPU
		{B8460E7F-C2E6-4BC0-B5FE-2AF6748A41F7}.Debug|iPhone.ActiveCfg = Debug|Any CPU
		{B8460E7F-C2E6-4BC0-B5FE-2AF6748A41F7}.Debug|iPhone.Build.0 = Debug|Any CPU
		{B8460E7F-C2E6-4BC0-B5FE-2AF6748A41F7}.Debug|iPhone.Deploy.0 = Debug|Any CPU
		{B8460E7F-C2E6-4BC0-B5FE-2AF6748A41F7}.Debug|iPhoneSimulator.ActiveCfg = Debug|Any CPU
		{B8460E7F-C2E6-4BC0-B5FE-2AF6748A41F7}.Debug|iPhoneSimulator.Build.0 = Debug|Any CPU
		{B8460E7F-C2E6-4BC0-B5FE-2AF6748A41F7}.Debug|iPhoneSimulator.Deploy.0 = Debug|Any CPU
		{B8460E7F-C2E6-4BC0-B5FE-2AF6748A41F7}.Debug|x64.ActiveCfg = Debug|Any CPU
		{B8460E7F-C2E6-4BC0-B5FE-2AF6748A41F7}.Debug|x64.Build.0 = Debug|Any CPU
		{B8460E7F-C2E6-4BC0-B5FE-2AF6748A41F7}.Debug|x64.Deploy.0 = Debug|Any CPU
		{B8460E7F-C2E6-4BC0-B5FE-2AF6748A41F7}.Debug|x86.ActiveCfg = Debug|Any CPU
		{B8460E7F-C2E6-4BC0-B5FE-2AF6748A41F7}.Debug|x86.Build.0 = Debug|Any CPU
		{B8460E7F-C2E6-4BC0-B5FE-2AF6748A41F7}.Debug|x86.Deploy.0 = Debug|Any CPU
		{B8460E7F-C2E6-4BC0-B5FE-2AF6748A41F7}.NuGetRelease|Any CPU.ActiveCfg = NuGetRelease|Any CPU
		{B8460E7F-C2E6-4BC0-B5FE-2AF6748A41F7}.NuGetRelease|Any CPU.Build.0 = NuGetRelease|Any CPU
		{B8460E7F-C2E6-4BC0-B5FE-2AF6748A41F7}.NuGetRelease|Any CPU.Deploy.0 = NuGetRelease|Any CPU
		{B8460E7F-C2E6-4BC0-B5FE-2AF6748A41F7}.NuGetRelease|ARM.ActiveCfg = NuGetRelease|Any CPU
		{B8460E7F-C2E6-4BC0-B5FE-2AF6748A41F7}.NuGetRelease|ARM.Build.0 = NuGetRelease|Any CPU
		{B8460E7F-C2E6-4BC0-B5FE-2AF6748A41F7}.NuGetRelease|ARM.Deploy.0 = NuGetRelease|Any CPU
		{B8460E7F-C2E6-4BC0-B5FE-2AF6748A41F7}.NuGetRelease|iPhone.ActiveCfg = NuGetRelease|Any CPU
		{B8460E7F-C2E6-4BC0-B5FE-2AF6748A41F7}.NuGetRelease|iPhone.Build.0 = NuGetRelease|Any CPU
		{B8460E7F-C2E6-4BC0-B5FE-2AF6748A41F7}.NuGetRelease|iPhone.Deploy.0 = NuGetRelease|Any CPU
		{B8460E7F-C2E6-4BC0-B5FE-2AF6748A41F7}.NuGetRelease|iPhoneSimulator.ActiveCfg = NuGetRelease|Any CPU
		{B8460E7F-C2E6-4BC0-B5FE-2AF6748A41F7}.NuGetRelease|iPhoneSimulator.Build.0 = NuGetRelease|Any CPU
		{B8460E7F-C2E6-4BC0-B5FE-2AF6748A41F7}.NuGetRelease|iPhoneSimulator.Deploy.0 = NuGetRelease|Any CPU
		{B8460E7F-C2E6-4BC0-B5FE-2AF6748A41F7}.NuGetRelease|x64.ActiveCfg = NuGetRelease|Any CPU
		{B8460E7F-C2E6-4BC0-B5FE-2AF6748A41F7}.NuGetRelease|x64.Build.0 = NuGetRelease|Any CPU
		{B8460E7F-C2E6-4BC0-B5FE-2AF6748A41F7}.NuGetRelease|x64.Deploy.0 = NuGetRelease|Any CPU
		{B8460E7F-C2E6-4BC0-B5FE-2AF6748A41F7}.NuGetRelease|x86.ActiveCfg = NuGetRelease|Any CPU
		{B8460E7F-C2E6-4BC0-B5FE-2AF6748A41F7}.NuGetRelease|x86.Build.0 = NuGetRelease|Any CPU
		{B8460E7F-C2E6-4BC0-B5FE-2AF6748A41F7}.NuGetRelease|x86.Deploy.0 = NuGetRelease|Any CPU
		{B8460E7F-C2E6-4BC0-B5FE-2AF6748A41F7}.Release|Any CPU.ActiveCfg = Release|Any CPU
		{B8460E7F-C2E6-4BC0-B5FE-2AF6748A41F7}.Release|Any CPU.Build.0 = Release|Any CPU
		{B8460E7F-C2E6-4BC0-B5FE-2AF6748A41F7}.Release|Any CPU.Deploy.0 = Release|Any CPU
		{B8460E7F-C2E6-4BC0-B5FE-2AF6748A41F7}.Release|ARM.ActiveCfg = Release|Any CPU
		{B8460E7F-C2E6-4BC0-B5FE-2AF6748A41F7}.Release|ARM.Build.0 = Release|Any CPU
		{B8460E7F-C2E6-4BC0-B5FE-2AF6748A41F7}.Release|ARM.Deploy.0 = Release|Any CPU
		{B8460E7F-C2E6-4BC0-B5FE-2AF6748A41F7}.Release|iPhone.ActiveCfg = Release|Any CPU
		{B8460E7F-C2E6-4BC0-B5FE-2AF6748A41F7}.Release|iPhone.Build.0 = Release|Any CPU
		{B8460E7F-C2E6-4BC0-B5FE-2AF6748A41F7}.Release|iPhone.Deploy.0 = Release|Any CPU
		{B8460E7F-C2E6-4BC0-B5FE-2AF6748A41F7}.Release|iPhoneSimulator.ActiveCfg = Release|Any CPU
		{B8460E7F-C2E6-4BC0-B5FE-2AF6748A41F7}.Release|iPhoneSimulator.Build.0 = Release|Any CPU
		{B8460E7F-C2E6-4BC0-B5FE-2AF6748A41F7}.Release|iPhoneSimulator.Deploy.0 = Release|Any CPU
		{B8460E7F-C2E6-4BC0-B5FE-2AF6748A41F7}.Release|x64.ActiveCfg = Release|Any CPU
		{B8460E7F-C2E6-4BC0-B5FE-2AF6748A41F7}.Release|x64.Build.0 = Release|Any CPU
		{B8460E7F-C2E6-4BC0-B5FE-2AF6748A41F7}.Release|x64.Deploy.0 = Release|Any CPU
		{B8460E7F-C2E6-4BC0-B5FE-2AF6748A41F7}.Release|x86.ActiveCfg = Release|Any CPU
		{B8460E7F-C2E6-4BC0-B5FE-2AF6748A41F7}.Release|x86.Build.0 = Release|Any CPU
		{B8460E7F-C2E6-4BC0-B5FE-2AF6748A41F7}.Release|x86.Deploy.0 = Release|Any CPU
		{82C46155-BB56-4B7F-96A3-F7D76F2905CE}.Ad-Hoc|Any CPU.ActiveCfg = Ad-Hoc|iPhone
		{82C46155-BB56-4B7F-96A3-F7D76F2905CE}.Ad-Hoc|ARM.ActiveCfg = Ad-Hoc|iPhone
		{82C46155-BB56-4B7F-96A3-F7D76F2905CE}.Ad-Hoc|iPhone.ActiveCfg = Ad-Hoc|iPhone
		{82C46155-BB56-4B7F-96A3-F7D76F2905CE}.Ad-Hoc|iPhone.Build.0 = Ad-Hoc|iPhone
		{82C46155-BB56-4B7F-96A3-F7D76F2905CE}.Ad-Hoc|iPhoneSimulator.ActiveCfg = Ad-Hoc|iPhoneSimulator
		{82C46155-BB56-4B7F-96A3-F7D76F2905CE}.Ad-Hoc|iPhoneSimulator.Build.0 = Ad-Hoc|iPhoneSimulator
		{82C46155-BB56-4B7F-96A3-F7D76F2905CE}.Ad-Hoc|x64.ActiveCfg = Ad-Hoc|iPhone
		{82C46155-BB56-4B7F-96A3-F7D76F2905CE}.Ad-Hoc|x86.ActiveCfg = Ad-Hoc|iPhone
		{82C46155-BB56-4B7F-96A3-F7D76F2905CE}.AppStore|Any CPU.ActiveCfg = AppStore|iPhone
		{82C46155-BB56-4B7F-96A3-F7D76F2905CE}.AppStore|ARM.ActiveCfg = AppStore|iPhone
		{82C46155-BB56-4B7F-96A3-F7D76F2905CE}.AppStore|iPhone.ActiveCfg = AppStore|iPhone
		{82C46155-BB56-4B7F-96A3-F7D76F2905CE}.AppStore|iPhone.Build.0 = AppStore|iPhone
		{82C46155-BB56-4B7F-96A3-F7D76F2905CE}.AppStore|iPhoneSimulator.ActiveCfg = AppStore|iPhoneSimulator
		{82C46155-BB56-4B7F-96A3-F7D76F2905CE}.AppStore|iPhoneSimulator.Build.0 = AppStore|iPhoneSimulator
		{82C46155-BB56-4B7F-96A3-F7D76F2905CE}.AppStore|x64.ActiveCfg = AppStore|iPhone
		{82C46155-BB56-4B7F-96A3-F7D76F2905CE}.AppStore|x86.ActiveCfg = AppStore|iPhone
		{82C46155-BB56-4B7F-96A3-F7D76F2905CE}.Debug|Any CPU.ActiveCfg = Debug|iPhone
		{82C46155-BB56-4B7F-96A3-F7D76F2905CE}.Debug|ARM.ActiveCfg = Debug|iPhone
		{82C46155-BB56-4B7F-96A3-F7D76F2905CE}.Debug|iPhone.ActiveCfg = Debug|iPhone
		{82C46155-BB56-4B7F-96A3-F7D76F2905CE}.Debug|iPhone.Build.0 = Debug|iPhone
		{82C46155-BB56-4B7F-96A3-F7D76F2905CE}.Debug|iPhoneSimulator.ActiveCfg = Debug|iPhoneSimulator
		{82C46155-BB56-4B7F-96A3-F7D76F2905CE}.Debug|iPhoneSimulator.Build.0 = Debug|iPhoneSimulator
		{82C46155-BB56-4B7F-96A3-F7D76F2905CE}.Debug|x64.ActiveCfg = Debug|iPhone
		{82C46155-BB56-4B7F-96A3-F7D76F2905CE}.Debug|x86.ActiveCfg = Debug|iPhone
		{82C46155-BB56-4B7F-96A3-F7D76F2905CE}.NuGetRelease|Any CPU.ActiveCfg = NuGetRelease|iPhone
		{82C46155-BB56-4B7F-96A3-F7D76F2905CE}.NuGetRelease|ARM.ActiveCfg = NuGetRelease|iPhone
		{82C46155-BB56-4B7F-96A3-F7D76F2905CE}.NuGetRelease|iPhone.ActiveCfg = NuGetRelease|iPhone
		{82C46155-BB56-4B7F-96A3-F7D76F2905CE}.NuGetRelease|iPhone.Build.0 = NuGetRelease|iPhone
		{82C46155-BB56-4B7F-96A3-F7D76F2905CE}.NuGetRelease|iPhoneSimulator.ActiveCfg = NuGetRelease|iPhone
		{82C46155-BB56-4B7F-96A3-F7D76F2905CE}.NuGetRelease|iPhoneSimulator.Build.0 = NuGetRelease|iPhone
		{82C46155-BB56-4B7F-96A3-F7D76F2905CE}.NuGetRelease|x64.ActiveCfg = NuGetRelease|iPhone
		{82C46155-BB56-4B7F-96A3-F7D76F2905CE}.NuGetRelease|x86.ActiveCfg = NuGetRelease|iPhone
		{82C46155-BB56-4B7F-96A3-F7D76F2905CE}.Release|Any CPU.ActiveCfg = Release|iPhone
		{82C46155-BB56-4B7F-96A3-F7D76F2905CE}.Release|ARM.ActiveCfg = Release|iPhone
		{82C46155-BB56-4B7F-96A3-F7D76F2905CE}.Release|iPhone.ActiveCfg = Release|iPhone
		{82C46155-BB56-4B7F-96A3-F7D76F2905CE}.Release|iPhone.Build.0 = Release|iPhone
		{82C46155-BB56-4B7F-96A3-F7D76F2905CE}.Release|iPhoneSimulator.ActiveCfg = Release|iPhoneSimulator
		{82C46155-BB56-4B7F-96A3-F7D76F2905CE}.Release|iPhoneSimulator.Build.0 = Release|iPhoneSimulator
		{82C46155-BB56-4B7F-96A3-F7D76F2905CE}.Release|x64.ActiveCfg = Release|iPhone
		{82C46155-BB56-4B7F-96A3-F7D76F2905CE}.Release|x86.ActiveCfg = Release|iPhone
		{F5686421-A0F3-4410-AC55-F5F9C24983BE}.Ad-Hoc|Any CPU.ActiveCfg = Release|Any CPU
		{F5686421-A0F3-4410-AC55-F5F9C24983BE}.Ad-Hoc|Any CPU.Build.0 = Release|Any CPU
		{F5686421-A0F3-4410-AC55-F5F9C24983BE}.Ad-Hoc|Any CPU.Deploy.0 = Release|Any CPU
		{F5686421-A0F3-4410-AC55-F5F9C24983BE}.Ad-Hoc|ARM.ActiveCfg = Release|ARM
		{F5686421-A0F3-4410-AC55-F5F9C24983BE}.Ad-Hoc|ARM.Build.0 = Release|ARM
		{F5686421-A0F3-4410-AC55-F5F9C24983BE}.Ad-Hoc|ARM.Deploy.0 = Release|ARM
		{F5686421-A0F3-4410-AC55-F5F9C24983BE}.Ad-Hoc|iPhone.ActiveCfg = Release|Any CPU
		{F5686421-A0F3-4410-AC55-F5F9C24983BE}.Ad-Hoc|iPhone.Build.0 = Release|Any CPU
		{F5686421-A0F3-4410-AC55-F5F9C24983BE}.Ad-Hoc|iPhone.Deploy.0 = Release|Any CPU
		{F5686421-A0F3-4410-AC55-F5F9C24983BE}.Ad-Hoc|iPhoneSimulator.ActiveCfg = Release|Any CPU
		{F5686421-A0F3-4410-AC55-F5F9C24983BE}.Ad-Hoc|iPhoneSimulator.Build.0 = Release|Any CPU
		{F5686421-A0F3-4410-AC55-F5F9C24983BE}.Ad-Hoc|iPhoneSimulator.Deploy.0 = Release|Any CPU
		{F5686421-A0F3-4410-AC55-F5F9C24983BE}.Ad-Hoc|x64.ActiveCfg = Release|Any CPU
		{F5686421-A0F3-4410-AC55-F5F9C24983BE}.Ad-Hoc|x64.Build.0 = Release|Any CPU
		{F5686421-A0F3-4410-AC55-F5F9C24983BE}.Ad-Hoc|x64.Deploy.0 = Release|Any CPU
		{F5686421-A0F3-4410-AC55-F5F9C24983BE}.Ad-Hoc|x86.ActiveCfg = Release|x86
		{F5686421-A0F3-4410-AC55-F5F9C24983BE}.Ad-Hoc|x86.Build.0 = Release|x86
		{F5686421-A0F3-4410-AC55-F5F9C24983BE}.Ad-Hoc|x86.Deploy.0 = Release|x86
		{F5686421-A0F3-4410-AC55-F5F9C24983BE}.AppStore|Any CPU.ActiveCfg = Release|Any CPU
		{F5686421-A0F3-4410-AC55-F5F9C24983BE}.AppStore|Any CPU.Build.0 = Release|Any CPU
		{F5686421-A0F3-4410-AC55-F5F9C24983BE}.AppStore|Any CPU.Deploy.0 = Release|Any CPU
		{F5686421-A0F3-4410-AC55-F5F9C24983BE}.AppStore|ARM.ActiveCfg = Release|ARM
		{F5686421-A0F3-4410-AC55-F5F9C24983BE}.AppStore|ARM.Build.0 = Release|ARM
		{F5686421-A0F3-4410-AC55-F5F9C24983BE}.AppStore|ARM.Deploy.0 = Release|ARM
		{F5686421-A0F3-4410-AC55-F5F9C24983BE}.AppStore|iPhone.ActiveCfg = Release|Any CPU
		{F5686421-A0F3-4410-AC55-F5F9C24983BE}.AppStore|iPhone.Build.0 = Release|Any CPU
		{F5686421-A0F3-4410-AC55-F5F9C24983BE}.AppStore|iPhone.Deploy.0 = Release|Any CPU
		{F5686421-A0F3-4410-AC55-F5F9C24983BE}.AppStore|iPhoneSimulator.ActiveCfg = Release|Any CPU
		{F5686421-A0F3-4410-AC55-F5F9C24983BE}.AppStore|iPhoneSimulator.Build.0 = Release|Any CPU
		{F5686421-A0F3-4410-AC55-F5F9C24983BE}.AppStore|iPhoneSimulator.Deploy.0 = Release|Any CPU
		{F5686421-A0F3-4410-AC55-F5F9C24983BE}.AppStore|x64.ActiveCfg = Release|Any CPU
		{F5686421-A0F3-4410-AC55-F5F9C24983BE}.AppStore|x64.Build.0 = Release|Any CPU
		{F5686421-A0F3-4410-AC55-F5F9C24983BE}.AppStore|x64.Deploy.0 = Release|Any CPU
		{F5686421-A0F3-4410-AC55-F5F9C24983BE}.AppStore|x86.ActiveCfg = Release|x86
		{F5686421-A0F3-4410-AC55-F5F9C24983BE}.AppStore|x86.Build.0 = Release|x86
		{F5686421-A0F3-4410-AC55-F5F9C24983BE}.AppStore|x86.Deploy.0 = Release|x86
		{F5686421-A0F3-4410-AC55-F5F9C24983BE}.Debug|Any CPU.ActiveCfg = Debug|Any CPU
		{F5686421-A0F3-4410-AC55-F5F9C24983BE}.Debug|Any CPU.Build.0 = Debug|Any CPU
		{F5686421-A0F3-4410-AC55-F5F9C24983BE}.Debug|Any CPU.Deploy.0 = Debug|Any CPU
		{F5686421-A0F3-4410-AC55-F5F9C24983BE}.Debug|ARM.ActiveCfg = Debug|ARM
		{F5686421-A0F3-4410-AC55-F5F9C24983BE}.Debug|ARM.Build.0 = Debug|ARM
		{F5686421-A0F3-4410-AC55-F5F9C24983BE}.Debug|ARM.Deploy.0 = Debug|ARM
		{F5686421-A0F3-4410-AC55-F5F9C24983BE}.Debug|iPhone.ActiveCfg = Debug|Any CPU
		{F5686421-A0F3-4410-AC55-F5F9C24983BE}.Debug|iPhone.Build.0 = Debug|Any CPU
		{F5686421-A0F3-4410-AC55-F5F9C24983BE}.Debug|iPhone.Deploy.0 = Debug|Any CPU
		{F5686421-A0F3-4410-AC55-F5F9C24983BE}.Debug|iPhoneSimulator.ActiveCfg = Debug|Any CPU
		{F5686421-A0F3-4410-AC55-F5F9C24983BE}.Debug|iPhoneSimulator.Build.0 = Debug|Any CPU
		{F5686421-A0F3-4410-AC55-F5F9C24983BE}.Debug|iPhoneSimulator.Deploy.0 = Debug|Any CPU
		{F5686421-A0F3-4410-AC55-F5F9C24983BE}.Debug|x64.ActiveCfg = Debug|Any CPU
		{F5686421-A0F3-4410-AC55-F5F9C24983BE}.Debug|x64.Build.0 = Debug|Any CPU
		{F5686421-A0F3-4410-AC55-F5F9C24983BE}.Debug|x64.Deploy.0 = Debug|Any CPU
		{F5686421-A0F3-4410-AC55-F5F9C24983BE}.Debug|x86.ActiveCfg = Debug|x86
		{F5686421-A0F3-4410-AC55-F5F9C24983BE}.Debug|x86.Build.0 = Debug|x86
		{F5686421-A0F3-4410-AC55-F5F9C24983BE}.Debug|x86.Deploy.0 = Debug|x86
		{F5686421-A0F3-4410-AC55-F5F9C24983BE}.NuGetRelease|Any CPU.ActiveCfg = NuGetRelease|Any CPU
		{F5686421-A0F3-4410-AC55-F5F9C24983BE}.NuGetRelease|Any CPU.Build.0 = NuGetRelease|Any CPU
		{F5686421-A0F3-4410-AC55-F5F9C24983BE}.NuGetRelease|Any CPU.Deploy.0 = NuGetRelease|Any CPU
		{F5686421-A0F3-4410-AC55-F5F9C24983BE}.NuGetRelease|ARM.ActiveCfg = NuGetRelease|ARM
		{F5686421-A0F3-4410-AC55-F5F9C24983BE}.NuGetRelease|ARM.Build.0 = NuGetRelease|ARM
		{F5686421-A0F3-4410-AC55-F5F9C24983BE}.NuGetRelease|ARM.Deploy.0 = NuGetRelease|ARM
		{F5686421-A0F3-4410-AC55-F5F9C24983BE}.NuGetRelease|iPhone.ActiveCfg = NuGetRelease|Any CPU
		{F5686421-A0F3-4410-AC55-F5F9C24983BE}.NuGetRelease|iPhone.Build.0 = NuGetRelease|Any CPU
		{F5686421-A0F3-4410-AC55-F5F9C24983BE}.NuGetRelease|iPhone.Deploy.0 = NuGetRelease|Any CPU
		{F5686421-A0F3-4410-AC55-F5F9C24983BE}.NuGetRelease|iPhoneSimulator.ActiveCfg = NuGetRelease|Any CPU
		{F5686421-A0F3-4410-AC55-F5F9C24983BE}.NuGetRelease|iPhoneSimulator.Build.0 = NuGetRelease|Any CPU
		{F5686421-A0F3-4410-AC55-F5F9C24983BE}.NuGetRelease|iPhoneSimulator.Deploy.0 = NuGetRelease|Any CPU
		{F5686421-A0F3-4410-AC55-F5F9C24983BE}.NuGetRelease|x64.ActiveCfg = NuGetRelease|Any CPU
		{F5686421-A0F3-4410-AC55-F5F9C24983BE}.NuGetRelease|x64.Build.0 = NuGetRelease|Any CPU
		{F5686421-A0F3-4410-AC55-F5F9C24983BE}.NuGetRelease|x64.Deploy.0 = NuGetRelease|Any CPU
		{F5686421-A0F3-4410-AC55-F5F9C24983BE}.NuGetRelease|x86.ActiveCfg = NuGetRelease|x86
		{F5686421-A0F3-4410-AC55-F5F9C24983BE}.NuGetRelease|x86.Build.0 = NuGetRelease|x86
		{F5686421-A0F3-4410-AC55-F5F9C24983BE}.NuGetRelease|x86.Deploy.0 = NuGetRelease|x86
		{F5686421-A0F3-4410-AC55-F5F9C24983BE}.Release|Any CPU.ActiveCfg = Release|Any CPU
		{F5686421-A0F3-4410-AC55-F5F9C24983BE}.Release|Any CPU.Build.0 = Release|Any CPU
		{F5686421-A0F3-4410-AC55-F5F9C24983BE}.Release|Any CPU.Deploy.0 = Release|Any CPU
		{F5686421-A0F3-4410-AC55-F5F9C24983BE}.Release|ARM.ActiveCfg = Release|ARM
		{F5686421-A0F3-4410-AC55-F5F9C24983BE}.Release|ARM.Build.0 = Release|ARM
		{F5686421-A0F3-4410-AC55-F5F9C24983BE}.Release|ARM.Deploy.0 = Release|ARM
		{F5686421-A0F3-4410-AC55-F5F9C24983BE}.Release|iPhone.ActiveCfg = Release|Any CPU
		{F5686421-A0F3-4410-AC55-F5F9C24983BE}.Release|iPhone.Build.0 = Release|Any CPU
		{F5686421-A0F3-4410-AC55-F5F9C24983BE}.Release|iPhone.Deploy.0 = Release|Any CPU
		{F5686421-A0F3-4410-AC55-F5F9C24983BE}.Release|iPhoneSimulator.ActiveCfg = Release|Any CPU
		{F5686421-A0F3-4410-AC55-F5F9C24983BE}.Release|iPhoneSimulator.Build.0 = Release|Any CPU
		{F5686421-A0F3-4410-AC55-F5F9C24983BE}.Release|iPhoneSimulator.Deploy.0 = Release|Any CPU
		{F5686421-A0F3-4410-AC55-F5F9C24983BE}.Release|x64.ActiveCfg = Release|Any CPU
		{F5686421-A0F3-4410-AC55-F5F9C24983BE}.Release|x64.Build.0 = Release|Any CPU
		{F5686421-A0F3-4410-AC55-F5F9C24983BE}.Release|x64.Deploy.0 = Release|Any CPU
		{F5686421-A0F3-4410-AC55-F5F9C24983BE}.Release|x86.ActiveCfg = Release|x86
		{F5686421-A0F3-4410-AC55-F5F9C24983BE}.Release|x86.Build.0 = Release|x86
		{F5686421-A0F3-4410-AC55-F5F9C24983BE}.Release|x86.Deploy.0 = Release|x86
		{0E3D3297-C720-48A5-AEDB-F61B429295AB}.Ad-Hoc|Any CPU.ActiveCfg = Release|x86
		{0E3D3297-C720-48A5-AEDB-F61B429295AB}.Ad-Hoc|Any CPU.Build.0 = Release|x86
		{0E3D3297-C720-48A5-AEDB-F61B429295AB}.Ad-Hoc|Any CPU.Deploy.0 = Release|x86
		{0E3D3297-C720-48A5-AEDB-F61B429295AB}.Ad-Hoc|ARM.ActiveCfg = Release|ARM
		{0E3D3297-C720-48A5-AEDB-F61B429295AB}.Ad-Hoc|ARM.Build.0 = Release|ARM
		{0E3D3297-C720-48A5-AEDB-F61B429295AB}.Ad-Hoc|ARM.Deploy.0 = Release|ARM
		{0E3D3297-C720-48A5-AEDB-F61B429295AB}.Ad-Hoc|iPhone.ActiveCfg = Release|x86
		{0E3D3297-C720-48A5-AEDB-F61B429295AB}.Ad-Hoc|iPhone.Build.0 = Release|x86
		{0E3D3297-C720-48A5-AEDB-F61B429295AB}.Ad-Hoc|iPhone.Deploy.0 = Release|x86
		{0E3D3297-C720-48A5-AEDB-F61B429295AB}.Ad-Hoc|iPhoneSimulator.ActiveCfg = Release|x86
		{0E3D3297-C720-48A5-AEDB-F61B429295AB}.Ad-Hoc|iPhoneSimulator.Build.0 = Release|x86
		{0E3D3297-C720-48A5-AEDB-F61B429295AB}.Ad-Hoc|iPhoneSimulator.Deploy.0 = Release|x86
		{0E3D3297-C720-48A5-AEDB-F61B429295AB}.Ad-Hoc|x64.ActiveCfg = Release|x64
		{0E3D3297-C720-48A5-AEDB-F61B429295AB}.Ad-Hoc|x64.Build.0 = Release|x64
		{0E3D3297-C720-48A5-AEDB-F61B429295AB}.Ad-Hoc|x64.Deploy.0 = Release|x64
		{0E3D3297-C720-48A5-AEDB-F61B429295AB}.Ad-Hoc|x86.ActiveCfg = Release|x86
		{0E3D3297-C720-48A5-AEDB-F61B429295AB}.Ad-Hoc|x86.Build.0 = Release|x86
		{0E3D3297-C720-48A5-AEDB-F61B429295AB}.Ad-Hoc|x86.Deploy.0 = Release|x86
		{0E3D3297-C720-48A5-AEDB-F61B429295AB}.AppStore|Any CPU.ActiveCfg = Release|x86
		{0E3D3297-C720-48A5-AEDB-F61B429295AB}.AppStore|Any CPU.Build.0 = Release|x86
		{0E3D3297-C720-48A5-AEDB-F61B429295AB}.AppStore|Any CPU.Deploy.0 = Release|x86
		{0E3D3297-C720-48A5-AEDB-F61B429295AB}.AppStore|ARM.ActiveCfg = Release|ARM
		{0E3D3297-C720-48A5-AEDB-F61B429295AB}.AppStore|ARM.Build.0 = Release|ARM
		{0E3D3297-C720-48A5-AEDB-F61B429295AB}.AppStore|ARM.Deploy.0 = Release|ARM
		{0E3D3297-C720-48A5-AEDB-F61B429295AB}.AppStore|iPhone.ActiveCfg = Release|x86
		{0E3D3297-C720-48A5-AEDB-F61B429295AB}.AppStore|iPhone.Build.0 = Release|x86
		{0E3D3297-C720-48A5-AEDB-F61B429295AB}.AppStore|iPhone.Deploy.0 = Release|x86
		{0E3D3297-C720-48A5-AEDB-F61B429295AB}.AppStore|iPhoneSimulator.ActiveCfg = Release|x86
		{0E3D3297-C720-48A5-AEDB-F61B429295AB}.AppStore|iPhoneSimulator.Build.0 = Release|x86
		{0E3D3297-C720-48A5-AEDB-F61B429295AB}.AppStore|iPhoneSimulator.Deploy.0 = Release|x86
		{0E3D3297-C720-48A5-AEDB-F61B429295AB}.AppStore|x64.ActiveCfg = Release|x64
		{0E3D3297-C720-48A5-AEDB-F61B429295AB}.AppStore|x64.Build.0 = Release|x64
		{0E3D3297-C720-48A5-AEDB-F61B429295AB}.AppStore|x64.Deploy.0 = Release|x64
		{0E3D3297-C720-48A5-AEDB-F61B429295AB}.AppStore|x86.ActiveCfg = Release|x86
		{0E3D3297-C720-48A5-AEDB-F61B429295AB}.AppStore|x86.Build.0 = Release|x86
		{0E3D3297-C720-48A5-AEDB-F61B429295AB}.AppStore|x86.Deploy.0 = Release|x86
		{0E3D3297-C720-48A5-AEDB-F61B429295AB}.Debug|Any CPU.ActiveCfg = Debug|x86
		{0E3D3297-C720-48A5-AEDB-F61B429295AB}.Debug|ARM.ActiveCfg = Debug|ARM
		{0E3D3297-C720-48A5-AEDB-F61B429295AB}.Debug|ARM.Build.0 = Debug|ARM
		{0E3D3297-C720-48A5-AEDB-F61B429295AB}.Debug|ARM.Deploy.0 = Debug|ARM
		{0E3D3297-C720-48A5-AEDB-F61B429295AB}.Debug|iPhone.ActiveCfg = Debug|x86
		{0E3D3297-C720-48A5-AEDB-F61B429295AB}.Debug|iPhoneSimulator.ActiveCfg = Debug|x86
		{0E3D3297-C720-48A5-AEDB-F61B429295AB}.Debug|x64.ActiveCfg = Debug|x64
		{0E3D3297-C720-48A5-AEDB-F61B429295AB}.Debug|x64.Build.0 = Debug|x64
		{0E3D3297-C720-48A5-AEDB-F61B429295AB}.Debug|x64.Deploy.0 = Debug|x64
		{0E3D3297-C720-48A5-AEDB-F61B429295AB}.Debug|x86.ActiveCfg = Debug|x86
		{0E3D3297-C720-48A5-AEDB-F61B429295AB}.Debug|x86.Build.0 = Debug|x86
		{0E3D3297-C720-48A5-AEDB-F61B429295AB}.Debug|x86.Deploy.0 = Debug|x86
		{0E3D3297-C720-48A5-AEDB-F61B429295AB}.NuGetRelease|Any CPU.ActiveCfg = NuGetRelease|x86
		{0E3D3297-C720-48A5-AEDB-F61B429295AB}.NuGetRelease|ARM.ActiveCfg = NuGetRelease|ARM
		{0E3D3297-C720-48A5-AEDB-F61B429295AB}.NuGetRelease|ARM.Deploy.0 = NuGetRelease|ARM
		{0E3D3297-C720-48A5-AEDB-F61B429295AB}.NuGetRelease|iPhone.ActiveCfg = NuGetRelease|x86
		{0E3D3297-C720-48A5-AEDB-F61B429295AB}.NuGetRelease|iPhoneSimulator.ActiveCfg = NuGetRelease|x86
		{0E3D3297-C720-48A5-AEDB-F61B429295AB}.NuGetRelease|x64.ActiveCfg = NuGetRelease|x64
		{0E3D3297-C720-48A5-AEDB-F61B429295AB}.NuGetRelease|x64.Deploy.0 = NuGetRelease|x64
		{0E3D3297-C720-48A5-AEDB-F61B429295AB}.NuGetRelease|x86.ActiveCfg = NuGetRelease|x86
		{0E3D3297-C720-48A5-AEDB-F61B429295AB}.NuGetRelease|x86.Deploy.0 = NuGetRelease|x86
		{0E3D3297-C720-48A5-AEDB-F61B429295AB}.Release|Any CPU.ActiveCfg = Release|x86
		{0E3D3297-C720-48A5-AEDB-F61B429295AB}.Release|ARM.ActiveCfg = Release|ARM
		{0E3D3297-C720-48A5-AEDB-F61B429295AB}.Release|ARM.Build.0 = Release|ARM
		{0E3D3297-C720-48A5-AEDB-F61B429295AB}.Release|ARM.Deploy.0 = Release|ARM
		{0E3D3297-C720-48A5-AEDB-F61B429295AB}.Release|iPhone.ActiveCfg = Release|x86
		{0E3D3297-C720-48A5-AEDB-F61B429295AB}.Release|iPhoneSimulator.ActiveCfg = Release|x86
		{0E3D3297-C720-48A5-AEDB-F61B429295AB}.Release|x64.ActiveCfg = Release|x64
		{0E3D3297-C720-48A5-AEDB-F61B429295AB}.Release|x64.Build.0 = Release|x64
		{0E3D3297-C720-48A5-AEDB-F61B429295AB}.Release|x64.Deploy.0 = Release|x64
		{0E3D3297-C720-48A5-AEDB-F61B429295AB}.Release|x86.ActiveCfg = Release|x86
		{0E3D3297-C720-48A5-AEDB-F61B429295AB}.Release|x86.Build.0 = Release|x86
		{0E3D3297-C720-48A5-AEDB-F61B429295AB}.Release|x86.Deploy.0 = Release|x86
		{ACE3BA83-4F5B-4A24-A61C-7001A7EFB976}.Ad-Hoc|Any CPU.ActiveCfg = Release|Any CPU
		{ACE3BA83-4F5B-4A24-A61C-7001A7EFB976}.Ad-Hoc|Any CPU.Build.0 = Release|Any CPU
		{ACE3BA83-4F5B-4A24-A61C-7001A7EFB976}.Ad-Hoc|Any CPU.Deploy.0 = Release|Any CPU
		{ACE3BA83-4F5B-4A24-A61C-7001A7EFB976}.Ad-Hoc|ARM.ActiveCfg = Release|ARM
		{ACE3BA83-4F5B-4A24-A61C-7001A7EFB976}.Ad-Hoc|ARM.Build.0 = Release|ARM
		{ACE3BA83-4F5B-4A24-A61C-7001A7EFB976}.Ad-Hoc|ARM.Deploy.0 = Release|ARM
		{ACE3BA83-4F5B-4A24-A61C-7001A7EFB976}.Ad-Hoc|iPhone.ActiveCfg = Release|Any CPU
		{ACE3BA83-4F5B-4A24-A61C-7001A7EFB976}.Ad-Hoc|iPhone.Build.0 = Release|Any CPU
		{ACE3BA83-4F5B-4A24-A61C-7001A7EFB976}.Ad-Hoc|iPhone.Deploy.0 = Release|Any CPU
		{ACE3BA83-4F5B-4A24-A61C-7001A7EFB976}.Ad-Hoc|iPhoneSimulator.ActiveCfg = Release|Any CPU
		{ACE3BA83-4F5B-4A24-A61C-7001A7EFB976}.Ad-Hoc|iPhoneSimulator.Build.0 = Release|Any CPU
		{ACE3BA83-4F5B-4A24-A61C-7001A7EFB976}.Ad-Hoc|iPhoneSimulator.Deploy.0 = Release|Any CPU
		{ACE3BA83-4F5B-4A24-A61C-7001A7EFB976}.Ad-Hoc|x64.ActiveCfg = Release|x64
		{ACE3BA83-4F5B-4A24-A61C-7001A7EFB976}.Ad-Hoc|x64.Build.0 = Release|x64
		{ACE3BA83-4F5B-4A24-A61C-7001A7EFB976}.Ad-Hoc|x64.Deploy.0 = Release|x64
		{ACE3BA83-4F5B-4A24-A61C-7001A7EFB976}.Ad-Hoc|x86.ActiveCfg = Release|x86
		{ACE3BA83-4F5B-4A24-A61C-7001A7EFB976}.Ad-Hoc|x86.Build.0 = Release|x86
		{ACE3BA83-4F5B-4A24-A61C-7001A7EFB976}.Ad-Hoc|x86.Deploy.0 = Release|x86
		{ACE3BA83-4F5B-4A24-A61C-7001A7EFB976}.AppStore|Any CPU.ActiveCfg = Release|Any CPU
		{ACE3BA83-4F5B-4A24-A61C-7001A7EFB976}.AppStore|Any CPU.Build.0 = Release|Any CPU
		{ACE3BA83-4F5B-4A24-A61C-7001A7EFB976}.AppStore|Any CPU.Deploy.0 = Release|Any CPU
		{ACE3BA83-4F5B-4A24-A61C-7001A7EFB976}.AppStore|ARM.ActiveCfg = Release|ARM
		{ACE3BA83-4F5B-4A24-A61C-7001A7EFB976}.AppStore|ARM.Build.0 = Release|ARM
		{ACE3BA83-4F5B-4A24-A61C-7001A7EFB976}.AppStore|ARM.Deploy.0 = Release|ARM
		{ACE3BA83-4F5B-4A24-A61C-7001A7EFB976}.AppStore|iPhone.ActiveCfg = Release|Any CPU
		{ACE3BA83-4F5B-4A24-A61C-7001A7EFB976}.AppStore|iPhone.Build.0 = Release|Any CPU
		{ACE3BA83-4F5B-4A24-A61C-7001A7EFB976}.AppStore|iPhone.Deploy.0 = Release|Any CPU
		{ACE3BA83-4F5B-4A24-A61C-7001A7EFB976}.AppStore|iPhoneSimulator.ActiveCfg = Release|Any CPU
		{ACE3BA83-4F5B-4A24-A61C-7001A7EFB976}.AppStore|iPhoneSimulator.Build.0 = Release|Any CPU
		{ACE3BA83-4F5B-4A24-A61C-7001A7EFB976}.AppStore|iPhoneSimulator.Deploy.0 = Release|Any CPU
		{ACE3BA83-4F5B-4A24-A61C-7001A7EFB976}.AppStore|x64.ActiveCfg = Release|x64
		{ACE3BA83-4F5B-4A24-A61C-7001A7EFB976}.AppStore|x64.Build.0 = Release|x64
		{ACE3BA83-4F5B-4A24-A61C-7001A7EFB976}.AppStore|x64.Deploy.0 = Release|x64
		{ACE3BA83-4F5B-4A24-A61C-7001A7EFB976}.AppStore|x86.ActiveCfg = Release|x86
		{ACE3BA83-4F5B-4A24-A61C-7001A7EFB976}.AppStore|x86.Build.0 = Release|x86
		{ACE3BA83-4F5B-4A24-A61C-7001A7EFB976}.AppStore|x86.Deploy.0 = Release|x86
		{ACE3BA83-4F5B-4A24-A61C-7001A7EFB976}.Debug|Any CPU.ActiveCfg = Debug|Any CPU
		{ACE3BA83-4F5B-4A24-A61C-7001A7EFB976}.Debug|Any CPU.Build.0 = Debug|Any CPU
		{ACE3BA83-4F5B-4A24-A61C-7001A7EFB976}.Debug|Any CPU.Deploy.0 = Debug|Any CPU
		{ACE3BA83-4F5B-4A24-A61C-7001A7EFB976}.Debug|ARM.ActiveCfg = Debug|ARM
		{ACE3BA83-4F5B-4A24-A61C-7001A7EFB976}.Debug|ARM.Build.0 = Debug|ARM
		{ACE3BA83-4F5B-4A24-A61C-7001A7EFB976}.Debug|ARM.Deploy.0 = Debug|ARM
		{ACE3BA83-4F5B-4A24-A61C-7001A7EFB976}.Debug|iPhone.ActiveCfg = Debug|Any CPU
		{ACE3BA83-4F5B-4A24-A61C-7001A7EFB976}.Debug|iPhone.Build.0 = Debug|Any CPU
		{ACE3BA83-4F5B-4A24-A61C-7001A7EFB976}.Debug|iPhone.Deploy.0 = Debug|Any CPU
		{ACE3BA83-4F5B-4A24-A61C-7001A7EFB976}.Debug|iPhoneSimulator.ActiveCfg = Debug|Any CPU
		{ACE3BA83-4F5B-4A24-A61C-7001A7EFB976}.Debug|iPhoneSimulator.Build.0 = Debug|Any CPU
		{ACE3BA83-4F5B-4A24-A61C-7001A7EFB976}.Debug|iPhoneSimulator.Deploy.0 = Debug|Any CPU
		{ACE3BA83-4F5B-4A24-A61C-7001A7EFB976}.Debug|x64.ActiveCfg = Debug|x64
		{ACE3BA83-4F5B-4A24-A61C-7001A7EFB976}.Debug|x64.Build.0 = Debug|x64
		{ACE3BA83-4F5B-4A24-A61C-7001A7EFB976}.Debug|x64.Deploy.0 = Debug|x64
		{ACE3BA83-4F5B-4A24-A61C-7001A7EFB976}.Debug|x86.ActiveCfg = Debug|x86
		{ACE3BA83-4F5B-4A24-A61C-7001A7EFB976}.Debug|x86.Build.0 = Debug|x86
		{ACE3BA83-4F5B-4A24-A61C-7001A7EFB976}.Debug|x86.Deploy.0 = Debug|x86
		{ACE3BA83-4F5B-4A24-A61C-7001A7EFB976}.NuGetRelease|Any CPU.ActiveCfg = NuGetRelease|Any CPU
		{ACE3BA83-4F5B-4A24-A61C-7001A7EFB976}.NuGetRelease|Any CPU.Build.0 = NuGetRelease|Any CPU
		{ACE3BA83-4F5B-4A24-A61C-7001A7EFB976}.NuGetRelease|Any CPU.Deploy.0 = NuGetRelease|Any CPU
		{ACE3BA83-4F5B-4A24-A61C-7001A7EFB976}.NuGetRelease|ARM.ActiveCfg = NuGetRelease|ARM
		{ACE3BA83-4F5B-4A24-A61C-7001A7EFB976}.NuGetRelease|ARM.Build.0 = NuGetRelease|ARM
		{ACE3BA83-4F5B-4A24-A61C-7001A7EFB976}.NuGetRelease|ARM.Deploy.0 = NuGetRelease|ARM
		{ACE3BA83-4F5B-4A24-A61C-7001A7EFB976}.NuGetRelease|iPhone.ActiveCfg = NuGetRelease|Any CPU
		{ACE3BA83-4F5B-4A24-A61C-7001A7EFB976}.NuGetRelease|iPhone.Build.0 = NuGetRelease|Any CPU
		{ACE3BA83-4F5B-4A24-A61C-7001A7EFB976}.NuGetRelease|iPhone.Deploy.0 = NuGetRelease|Any CPU
		{ACE3BA83-4F5B-4A24-A61C-7001A7EFB976}.NuGetRelease|iPhoneSimulator.ActiveCfg = NuGetRelease|Any CPU
		{ACE3BA83-4F5B-4A24-A61C-7001A7EFB976}.NuGetRelease|iPhoneSimulator.Build.0 = NuGetRelease|Any CPU
		{ACE3BA83-4F5B-4A24-A61C-7001A7EFB976}.NuGetRelease|iPhoneSimulator.Deploy.0 = NuGetRelease|Any CPU
		{ACE3BA83-4F5B-4A24-A61C-7001A7EFB976}.NuGetRelease|x64.ActiveCfg = NuGetRelease|x64
		{ACE3BA83-4F5B-4A24-A61C-7001A7EFB976}.NuGetRelease|x64.Build.0 = NuGetRelease|x64
		{ACE3BA83-4F5B-4A24-A61C-7001A7EFB976}.NuGetRelease|x64.Deploy.0 = NuGetRelease|x64
		{ACE3BA83-4F5B-4A24-A61C-7001A7EFB976}.NuGetRelease|x86.ActiveCfg = NuGetRelease|x86
		{ACE3BA83-4F5B-4A24-A61C-7001A7EFB976}.NuGetRelease|x86.Build.0 = NuGetRelease|x86
		{ACE3BA83-4F5B-4A24-A61C-7001A7EFB976}.NuGetRelease|x86.Deploy.0 = NuGetRelease|x86
		{ACE3BA83-4F5B-4A24-A61C-7001A7EFB976}.Release|Any CPU.ActiveCfg = Release|Any CPU
		{ACE3BA83-4F5B-4A24-A61C-7001A7EFB976}.Release|Any CPU.Build.0 = Release|Any CPU
		{ACE3BA83-4F5B-4A24-A61C-7001A7EFB976}.Release|Any CPU.Deploy.0 = Release|Any CPU
		{ACE3BA83-4F5B-4A24-A61C-7001A7EFB976}.Release|ARM.ActiveCfg = Release|ARM
		{ACE3BA83-4F5B-4A24-A61C-7001A7EFB976}.Release|ARM.Build.0 = Release|ARM
		{ACE3BA83-4F5B-4A24-A61C-7001A7EFB976}.Release|ARM.Deploy.0 = Release|ARM
		{ACE3BA83-4F5B-4A24-A61C-7001A7EFB976}.Release|iPhone.ActiveCfg = Release|Any CPU
		{ACE3BA83-4F5B-4A24-A61C-7001A7EFB976}.Release|iPhone.Build.0 = Release|Any CPU
		{ACE3BA83-4F5B-4A24-A61C-7001A7EFB976}.Release|iPhone.Deploy.0 = Release|Any CPU
		{ACE3BA83-4F5B-4A24-A61C-7001A7EFB976}.Release|iPhoneSimulator.ActiveCfg = Release|Any CPU
		{ACE3BA83-4F5B-4A24-A61C-7001A7EFB976}.Release|iPhoneSimulator.Build.0 = Release|Any CPU
		{ACE3BA83-4F5B-4A24-A61C-7001A7EFB976}.Release|iPhoneSimulator.Deploy.0 = Release|Any CPU
		{ACE3BA83-4F5B-4A24-A61C-7001A7EFB976}.Release|x64.ActiveCfg = Release|x64
		{ACE3BA83-4F5B-4A24-A61C-7001A7EFB976}.Release|x64.Build.0 = Release|x64
		{ACE3BA83-4F5B-4A24-A61C-7001A7EFB976}.Release|x64.Deploy.0 = Release|x64
		{ACE3BA83-4F5B-4A24-A61C-7001A7EFB976}.Release|x86.ActiveCfg = Release|x86
		{ACE3BA83-4F5B-4A24-A61C-7001A7EFB976}.Release|x86.Build.0 = Release|x86
		{ACE3BA83-4F5B-4A24-A61C-7001A7EFB976}.Release|x86.Deploy.0 = Release|x86
		{CE3ED371-F40F-4033-B6FD-E13F80F6D230}.Ad-Hoc|Any CPU.ActiveCfg = Release|Any CPU
		{CE3ED371-F40F-4033-B6FD-E13F80F6D230}.Ad-Hoc|Any CPU.Build.0 = Release|Any CPU
		{CE3ED371-F40F-4033-B6FD-E13F80F6D230}.Ad-Hoc|ARM.ActiveCfg = Release|Any CPU
		{CE3ED371-F40F-4033-B6FD-E13F80F6D230}.Ad-Hoc|ARM.Build.0 = Release|Any CPU
		{CE3ED371-F40F-4033-B6FD-E13F80F6D230}.Ad-Hoc|iPhone.ActiveCfg = Release|Any CPU
		{CE3ED371-F40F-4033-B6FD-E13F80F6D230}.Ad-Hoc|iPhone.Build.0 = Release|Any CPU
		{CE3ED371-F40F-4033-B6FD-E13F80F6D230}.Ad-Hoc|iPhoneSimulator.ActiveCfg = Release|Any CPU
		{CE3ED371-F40F-4033-B6FD-E13F80F6D230}.Ad-Hoc|iPhoneSimulator.Build.0 = Release|Any CPU
		{CE3ED371-F40F-4033-B6FD-E13F80F6D230}.Ad-Hoc|x64.ActiveCfg = Release|Any CPU
		{CE3ED371-F40F-4033-B6FD-E13F80F6D230}.Ad-Hoc|x64.Build.0 = Release|Any CPU
		{CE3ED371-F40F-4033-B6FD-E13F80F6D230}.Ad-Hoc|x86.ActiveCfg = Release|Any CPU
		{CE3ED371-F40F-4033-B6FD-E13F80F6D230}.Ad-Hoc|x86.Build.0 = Release|Any CPU
		{CE3ED371-F40F-4033-B6FD-E13F80F6D230}.AppStore|Any CPU.ActiveCfg = Release|Any CPU
		{CE3ED371-F40F-4033-B6FD-E13F80F6D230}.AppStore|Any CPU.Build.0 = Release|Any CPU
		{CE3ED371-F40F-4033-B6FD-E13F80F6D230}.AppStore|ARM.ActiveCfg = Release|Any CPU
		{CE3ED371-F40F-4033-B6FD-E13F80F6D230}.AppStore|ARM.Build.0 = Release|Any CPU
		{CE3ED371-F40F-4033-B6FD-E13F80F6D230}.AppStore|iPhone.ActiveCfg = Release|Any CPU
		{CE3ED371-F40F-4033-B6FD-E13F80F6D230}.AppStore|iPhone.Build.0 = Release|Any CPU
		{CE3ED371-F40F-4033-B6FD-E13F80F6D230}.AppStore|iPhoneSimulator.ActiveCfg = Release|Any CPU
		{CE3ED371-F40F-4033-B6FD-E13F80F6D230}.AppStore|iPhoneSimulator.Build.0 = Release|Any CPU
		{CE3ED371-F40F-4033-B6FD-E13F80F6D230}.AppStore|x64.ActiveCfg = Release|Any CPU
		{CE3ED371-F40F-4033-B6FD-E13F80F6D230}.AppStore|x64.Build.0 = Release|Any CPU
		{CE3ED371-F40F-4033-B6FD-E13F80F6D230}.AppStore|x86.ActiveCfg = Release|Any CPU
		{CE3ED371-F40F-4033-B6FD-E13F80F6D230}.AppStore|x86.Build.0 = Release|Any CPU
		{CE3ED371-F40F-4033-B6FD-E13F80F6D230}.Debug|Any CPU.ActiveCfg = Debug|Any CPU
		{CE3ED371-F40F-4033-B6FD-E13F80F6D230}.Debug|Any CPU.Build.0 = Debug|Any CPU
		{CE3ED371-F40F-4033-B6FD-E13F80F6D230}.Debug|ARM.ActiveCfg = Debug|Any CPU
		{CE3ED371-F40F-4033-B6FD-E13F80F6D230}.Debug|ARM.Build.0 = Debug|Any CPU
		{CE3ED371-F40F-4033-B6FD-E13F80F6D230}.Debug|iPhone.ActiveCfg = Debug|Any CPU
		{CE3ED371-F40F-4033-B6FD-E13F80F6D230}.Debug|iPhone.Build.0 = Debug|Any CPU
		{CE3ED371-F40F-4033-B6FD-E13F80F6D230}.Debug|iPhoneSimulator.ActiveCfg = Debug|Any CPU
		{CE3ED371-F40F-4033-B6FD-E13F80F6D230}.Debug|iPhoneSimulator.Build.0 = Debug|Any CPU
		{CE3ED371-F40F-4033-B6FD-E13F80F6D230}.Debug|x64.ActiveCfg = Debug|Any CPU
		{CE3ED371-F40F-4033-B6FD-E13F80F6D230}.Debug|x64.Build.0 = Debug|Any CPU
		{CE3ED371-F40F-4033-B6FD-E13F80F6D230}.Debug|x86.ActiveCfg = Debug|Any CPU
		{CE3ED371-F40F-4033-B6FD-E13F80F6D230}.Debug|x86.Build.0 = Debug|Any CPU
		{CE3ED371-F40F-4033-B6FD-E13F80F6D230}.NuGetRelease|Any CPU.ActiveCfg = NuGetRelease|Any CPU
		{CE3ED371-F40F-4033-B6FD-E13F80F6D230}.NuGetRelease|Any CPU.Build.0 = NuGetRelease|Any CPU
		{CE3ED371-F40F-4033-B6FD-E13F80F6D230}.NuGetRelease|ARM.ActiveCfg = NuGetRelease|Any CPU
		{CE3ED371-F40F-4033-B6FD-E13F80F6D230}.NuGetRelease|ARM.Build.0 = NuGetRelease|Any CPU
		{CE3ED371-F40F-4033-B6FD-E13F80F6D230}.NuGetRelease|iPhone.ActiveCfg = NuGetRelease|Any CPU
		{CE3ED371-F40F-4033-B6FD-E13F80F6D230}.NuGetRelease|iPhone.Build.0 = NuGetRelease|Any CPU
		{CE3ED371-F40F-4033-B6FD-E13F80F6D230}.NuGetRelease|iPhoneSimulator.ActiveCfg = NuGetRelease|Any CPU
		{CE3ED371-F40F-4033-B6FD-E13F80F6D230}.NuGetRelease|iPhoneSimulator.Build.0 = NuGetRelease|Any CPU
		{CE3ED371-F40F-4033-B6FD-E13F80F6D230}.NuGetRelease|x64.ActiveCfg = NuGetRelease|Any CPU
		{CE3ED371-F40F-4033-B6FD-E13F80F6D230}.NuGetRelease|x64.Build.0 = NuGetRelease|Any CPU
		{CE3ED371-F40F-4033-B6FD-E13F80F6D230}.NuGetRelease|x86.ActiveCfg = NuGetRelease|Any CPU
		{CE3ED371-F40F-4033-B6FD-E13F80F6D230}.NuGetRelease|x86.Build.0 = NuGetRelease|Any CPU
		{CE3ED371-F40F-4033-B6FD-E13F80F6D230}.Release|Any CPU.ActiveCfg = Release|Any CPU
		{CE3ED371-F40F-4033-B6FD-E13F80F6D230}.Release|Any CPU.Build.0 = Release|Any CPU
		{CE3ED371-F40F-4033-B6FD-E13F80F6D230}.Release|ARM.ActiveCfg = Release|Any CPU
		{CE3ED371-F40F-4033-B6FD-E13F80F6D230}.Release|ARM.Build.0 = Release|Any CPU
		{CE3ED371-F40F-4033-B6FD-E13F80F6D230}.Release|iPhone.ActiveCfg = Release|Any CPU
		{CE3ED371-F40F-4033-B6FD-E13F80F6D230}.Release|iPhone.Build.0 = Release|Any CPU
		{CE3ED371-F40F-4033-B6FD-E13F80F6D230}.Release|iPhoneSimulator.ActiveCfg = Release|Any CPU
		{CE3ED371-F40F-4033-B6FD-E13F80F6D230}.Release|iPhoneSimulator.Build.0 = Release|Any CPU
		{CE3ED371-F40F-4033-B6FD-E13F80F6D230}.Release|x64.ActiveCfg = Release|Any CPU
		{CE3ED371-F40F-4033-B6FD-E13F80F6D230}.Release|x64.Build.0 = Release|Any CPU
		{CE3ED371-F40F-4033-B6FD-E13F80F6D230}.Release|x86.ActiveCfg = Release|Any CPU
		{CE3ED371-F40F-4033-B6FD-E13F80F6D230}.Release|x86.Build.0 = Release|Any CPU
	EndGlobalSection
	GlobalSection(SolutionProperties) = preSolution
		HideSolutionNode = FALSE
	EndGlobalSection
EndGlobal
